
Microsoft Visual Studio Solution File, Format Version 12.00
# Visual Studio 14
VisualStudioVersion = 14.0.25420.1
MinimumVisualStudioVersion = 10.0.40219.1
Project("{8BC9CEB8-8B4A-11D0-8D11-00A0C91BC942}") = "COM-step-by-step", "COM-step-by-step\COM-step-by-step.vcxproj", "{CD811297-6C1C-4DCD-96AC-B508BB22363C}"
EndProject
Project("{8BC9CEB8-8B4A-11D0-8D11-00A0C91BC942}") = "Component", "Component\Component.vcxproj", "{9D4F86DE-DCCA-4008-9E63-67D2FB15811F}"
EndProject
Global
	GlobalSection(SolutionConfigurationPlatforms) = preSolution
		Debug|x64 = Debug|x64
		Debug|x86 = Debug|x86
		Release|x64 = Release|x64
		Release|x86 = Release|x86
	EndGlobalSection
	GlobalSection(ProjectConfigurationPlatforms) = postSolution
		{CD811297-6C1C-4DCD-96AC-B508BB22363C}.Debug|x64.ActiveCfg = Debug|x64
		{CD811297-6C1C-4DCD-96AC-B508BB22363C}.Debug|x64.Build.0 = Debug|x64
		{CD811297-6C1C-4DCD-96AC-B508BB22363C}.Debug|x86.ActiveCfg = Debug|Win32
		{CD811297-6C1C-4DCD-96AC-B508BB22363C}.Debug|x86.Build.0 = Debug|Win32
		{CD811297-6C1C-4DCD-96AC-B508BB22363C}.Release|x64.ActiveCfg = Release|x64
		{CD811297-6C1C-4DCD-96AC-B508BB22363C}.Release|x64.Build.0 = Release|x64
		{CD811297-6C1C-4DCD-96AC-B508BB22363C}.Release|x86.ActiveCfg = Release|Win32
		{CD811297-6C1C-4DCD-96AC-B508BB22363C}.Release|x86.Build.0 = Release|Win32
		{9D4F86DE-DCCA-4008-9E63-67D2FB15811F}.Debug|x64.ActiveCfg = Debug|x64
		{9D4F86DE-DCCA-4008-9E63-67D2FB15811F}.Debug|x64.Build.0 = Debug|x64
		{9D4F86DE-DCCA-4008-9E63-67D2FB15811F}.Debug|x86.ActiveCfg = Debug|Win32
		{9D4F86DE-DCCA-4008-9E63-67D2FB15811F}.Debug|x86.Build.0 = Debug|Win32
		{9D4F86DE-DCCA-4008-9E63-67D2FB15811F}.Release|x64.ActiveCfg = Release|x64
		{9D4F86DE-DCCA-4008-9E63-67D2FB15811F}.Release|x64.Build.0 = Release|x64
		{9D4F86DE-DCCA-4008-9E63-67D2FB15811F}.Release|x86.ActiveCfg = Release|Win32
		{9D4F86DE-DCCA-4008-9E63-67D2FB15811F}.Release|x86.Build.0 = Release|Win32
	EndGlobalSection
	GlobalSection(SolutionProperties) = preSolution
		HideSolutionNode = FALSE
	EndGlobalSection
EndGlobal
